<<<<<<< HEAD
<<<<<<<< HEAD:amplify/backend/function/PayPalCancelWebhook/src/package-lock.json
=======
>>>>>>> 97b60381caa3ca764b28558e099fd4f5d4ea7659
{
  "name": "PayPalCancelWebhook",
  "version": "2.0.0",
  "lockfileVersion": 1
}
<<<<<<< HEAD
========
{
  "name": "PayPalWebhookFunc",
  "version": "2.0.0",
  "lockfileVersion": 1
}
>>>>>>>> 97b60381caa3ca764b28558e099fd4f5d4ea7659:amplify/backend/function/PayPalWebhookFunc/src/package-lock.json
=======
>>>>>>> 97b60381caa3ca764b28558e099fd4f5d4ea7659
